# THIS IS AN AUTOGENERATED FILE. DO NOT EDIT THIS FILE DIRECTLY.
# yarn lockfile v1


"@types/needle@^2.0.2":
  version "2.0.2"
  resolved "https://registry.yarnpkg.com/@types/needle/-/needle-2.0.2.tgz#c7e908d8990b964ffc1e91b0c5022c7d85ba2ac0"
  dependencies:
    "@types/node" "*"

"@types/node@*":
  version "9.4.7"
  resolved "http://registry.npmjs.org/@types/node/-/node-9.4.7.tgz#57d81cd98719df2c9de118f2d5f3b1120dcd7275"

"@types/ws@^3.2.1":
  version "3.2.1"
  resolved "https://registry.yarnpkg.com/@types/ws/-/ws-3.2.1.tgz#b0c1579e58e686f83ce0a97bb9463d29705827fb"
  dependencies:
    "@types/node" "*"

async-limiter@~1.0.0:
  version "1.0.0"
  resolved "https://registry.yarnpkg.com/async-limiter/-/async-limiter-1.0.0.tgz#78faed8c3d074ab81f22b4e985d79e8738f720f8"

debug@^2.1.2:
  version "2.6.9"
  resolved "https://registry.yarnpkg.com/debug/-/debug-2.6.9.tgz#5d128515df134ff327e90a4c93f4e077a536341f"
  dependencies:
    ms "2.0.0"

iconv-lite@^0.4.4:
  version "0.4.19"
  resolved "https://registry.yarnpkg.com/iconv-lite/-/iconv-lite-0.4.19.tgz#f7468f60135f5e5dad3399c0a81be9a1603a082b"

ms@2.0.0:
  version "2.0.0"
  resolved "https://registry.yarnpkg.com/ms/-/ms-2.0.0.tgz#5608aeadfc00be6c2901df5f9861788de0d597c8"

needle@^2.1.0:
  version "2.2.0"
  resolved "https://registry.yarnpkg.com/needle/-/needle-2.2.0.tgz#f14efc69cee1024b72c8b21c7bdf94a731dc12fa"
  dependencies:
    debug "^2.1.2"
    iconv-lite "^0.4.4"
    sax "^1.2.4"

safe-buffer@~5.1.0:
  version "5.1.1"
  resolved "https://registry.yarnpkg.com/safe-buffer/-/safe-buffer-5.1.1.tgz#893312af69b2123def71f57889001671eeb2c853"

sax@^1.2.4:
  version "1.2.4"
  resolved "https://registry.yarnpkg.com/sax/-/sax-1.2.4.tgz#2816234e2378bddc4e5354fab5caa895df7100d9"

slacklib@^2.1.0:
  version "2.1.0"
  resolved "https://registry.yarnpkg.com/slacklib/-/slacklib-2.1.0.tgz#64af2e50e1ec851756c8c37fe59b68fdfad6a4eb"
  dependencies:
    "@types/needle" "^2.0.2"
    "@types/ws" "^3.2.1"
    needle "^2.1.0"
    webscaledb "^0.1.6"
    ws "^4.0.0"

typescript@^2.7.2:
  version "2.7.2"
  resolved "https://registry.yarnpkg.com/typescript/-/typescript-2.7.2.tgz#2d615a1ef4aee4f574425cdff7026edf81919836"

webscaledb@^0.1.6:
  version "0.1.6"
  resolved "https://registry.yarnpkg.com/webscaledb/-/webscaledb-0.1.6.tgz#435ecca25d1e3d25bc6deb40d4216cbbc939e191"

ws@^4.0.0:
  version "4.1.0"
  resolved "https://registry.yarnpkg.com/ws/-/ws-4.1.0.tgz#a979b5d7d4da68bf54efe0408967c324869a7289"
  dependencies:
    async-limiter "~1.0.0"
    safe-buffer "~5.1.0"
